{
  "lockfileVersion": 1,
  "workspaces": {
    "": {
      "name": "diffswarm",
      "devDependencies": {
        "@preact/signals": "2.2.1",
        "htm": "3.1.1",
        "preact": "10.23.1",
        "prettier": "3.6.2",
        "prettier-plugin-jinja-template": "2.1.0",
      },
      "peerDependencies": {
        "typescript": "5",
      },
    },
  },
  "packages": {
    "@preact/signals": ["@preact/signals@2.2.1", "", { "dependencies": { "@preact/signals-core": "^1.11.0" }, "peerDependencies": { "preact": ">= 10.25.0" } }, "sha512-cX3mijdjHbbz3dBoJ6z687CGYEOp9ifj3uFnm4UKW+DxXKPMvE2y/VSdm0PXhXmHnr6F0iSnDJ+dLwmV7CYT5A=="],

    "@preact/signals-core": ["@preact/signals-core@1.11.0", "", {}, "sha512-jglbibeWHuFRzEWVFY/TT7wB1PppJxmcSfUHcK+2J9vBRtiooMfw6tAPttojNYrrpdGViqAYCbPpmWYlMm+eMQ=="],

    "htm": ["htm@3.1.1", "", {}, "sha512-983Vyg8NwUE7JkZ6NmOqpCZ+sh1bKv2iYTlUkzlWmA5JD2acKoxd4KVxbMmxX/85mtfdnDmTFoNKcg5DGAvxNQ=="],

    "preact": ["preact@10.23.1", "", {}, "sha512-O5UdRsNh4vdZaTieWe3XOgSpdMAmkIYBCT3VhQDlKrzyCm8lUYsk0fmVEvoQQifoOjFRTaHZO69ylrzTW2BH+A=="],

    "prettier": ["prettier@3.6.2", "", { "bin": { "prettier": "bin/prettier.cjs" } }, "sha512-I7AIg5boAr5R0FFtJ6rCfD+LFsWHp81dolrFD8S79U9tb8Az2nGrJncnMSnys+bpQJfRUzqs9hnA81OAA3hCuQ=="],

    "prettier-plugin-jinja-template": ["prettier-plugin-jinja-template@2.1.0", "", { "peerDependencies": { "prettier": "^3.0.0" } }, "sha512-mzoCp2Oy9BDSug80fw3B3J4n4KQj1hRvoQOL1akqcDKBb5nvYxrik9zUEDs4AEJ6nK7QDTGoH0y9rx7AlnQ78Q=="],

    "typescript": ["typescript@5.9.2", "", { "bin": { "tsc": "bin/tsc", "tsserver": "bin/tsserver" } }, "sha512-CWBzXQrc/qOkhidw1OzBTQuYRbfyxDXJMVJ1XNwUHGROVmuaeiEm3OslpZ1RV96d7SKKjZKrSJu3+t/xlw3R9A=="],
  }
}
